// !$*UTF8*$!
{
	archiveVersion = 1;
	classes = {
	};
	objectVersion = 77;
	objects = {

/* Begin PBXContainerItemProxy section */
		00242D0A2CE28BA400C0B945 /* PBXContainerItemProxy */ = {
			isa = PBXContainerItemProxy;
			containerPortal = 00242CEB2CE28BA300C0B945 /* Project object */;
			proxyType = 1;
			remoteGlobalIDString = 00242CF22CE28BA300C0B945;
			remoteInfo = SnipApp25;
		};
		00242D142CE28BA400C0B945 /* PBXContainerItemProxy */ = {
			isa = PBXContainerItemProxy;
			containerPortal = 00242CEB2CE28BA300C0B945 /* Project object */;
			proxyType = 1;
			remoteGlobalIDString = 00242CF22CE28BA300C0B945;
			remoteInfo = SnipApp25;
		};
/* End PBXContainerItemProxy section */

/* Begin PBXFileReference section */
		00242CF32CE28BA300C0B945 /* SnipApp25.app */ = {isa = PBXFileReference; explicitFileType = wrapper.application; includeInIndex = 0; path = SnipApp25.app; sourceTree = BUILT_PRODUCTS_DIR; };
		00242D092CE28BA400C0B945 /* SnipApp25Tests.xctest */ = {isa = PBXFileReference; explicitFileType = wrapper.cfbundle; includeInIndex = 0; path = SnipApp25Tests.xctest; sourceTree = BUILT_PRODUCTS_DIR; };
		00242D132CE28BA400C0B945 /* SnipApp25UITests.xctest */ = {isa = PBXFileReference; explicitFileType = wrapper.cfbundle; includeInIndex = 0; path = SnipApp25UITests.xctest; sourceTree = BUILT_PRODUCTS_DIR; };
/* End PBXFileReference section */

/* Begin PBXFileSystemSynchronizedBuildFileExceptionSet section */
		00242D1B2CE28BA400C0B945 /* Exceptions for "SnipApp25" folder in "SnipApp25" target */ = {
			isa = PBXFileSystemSynchronizedBuildFileExceptionSet;
			membershipExceptions = (
				Info.plist,
			);
			target = 00242CF22CE28BA300C0B945 /* SnipApp25 */;
		};
/* End PBXFileSystemSynchronizedBuildFileExceptionSet section */

/* Begin PBXFileSystemSynchronizedRootGroup section */
		00242CF52CE28BA300C0B945 /* SnipApp25 */ = {
			isa = PBXFileSystemSynchronizedRootGroup;
			exceptions = (
				00242D1B2CE28BA400C0B945 /* Exceptions for "SnipApp25" folder in "SnipApp25" target */,
			);
			path = SnipApp25;
			sourceTree = "<group>";
		};
		00242D0C2CE28BA400C0B945 /* SnipApp25Tests */ = {
			isa = PBXFileSystemSynchronizedRootGroup;
			path = SnipApp25Tests;
			sourceTree = "<group>";
		};
		00242D162CE28BA400C0B945 /* SnipApp25UITests */ = {
			isa = PBXFileSystemSynchronizedRootGroup;
			path = SnipApp25UITests;
			sourceTree = "<group>";
		};
/* End PBXFileSystemSynchronizedRootGroup section */

/* Begin PBXFrameworksBuildPhase section */
		00242CF02CE28BA300C0B945 /* Frameworks */ = {
			isa = PBXFrameworksBuildPhase;
			buildActionMask = 2147483647;
			files = (
			);
			runOnlyForDeploymentPostprocessing = 0;
		};
		00242D062CE28BA400C0B945 /* Frameworks */ = {
			isa = PBXFrameworksBuildPhase;
			buildActionMask = 2147483647;
			files = (
			);
			runOnlyForDeploymentPostprocessing = 0;
		};
		00242D102CE28BA400C0B945 /* Frameworks */ = {
			isa = PBXFrameworksBuildPhase;
			buildActionMask = 2147483647;
			files = (
			);
			runOnlyForDeploymentPostprocessing = 0;
		};
/* End PBXFrameworksBuildPhase section */

/* Begin PBXGroup section */
		00242CEA2CE28BA300C0B945 = {
			isa = PBXGroup;
			children = (
				00242CF52CE28BA300C0B945 /* SnipApp25 */,
				00242D0C2CE28BA400C0B945 /* SnipApp25Tests */,
				00242D162CE28BA400C0B945 /* SnipApp25UITests */,
				00242CF42CE28BA300C0B945 /* Products */,
			);
			sourceTree = "<group>";
		};
		00242CF42CE28BA300C0B945 /* Products */ = {
			isa = PBXGroup;
			children = (
				00242CF32CE28BA300C0B945 /* SnipApp25.app */,
				00242D092CE28BA400C0B945 /* SnipApp25Tests.xctest */,
				00242D132CE28BA400C0B945 /* SnipApp25UITests.xctest */,
			);
			name = Products;
			sourceTree = "<group>";
		};
/* End PBXGroup section */

/* Begin PBXNativeTarget section */
		00242CF22CE28BA300C0B945 /* SnipApp25 */ = {
			isa = PBXNativeTarget;
			buildConfigurationList = 00242D1C2CE28BA400C0B945 /* Build configuration list for PBXNativeTarget "SnipApp25" */;
			buildPhases = (
				00242CEF2CE28BA300C0B945 /* Sources */,
				00242CF02CE28BA300C0B945 /* Frameworks */,
				00242CF12CE28BA300C0B945 /* Resources */,
			);
			buildRules = (
			);
			dependencies = (
			);
			fileSystemSynchronizedGroups = (
				00242CF52CE28BA300C0B945 /* SnipApp25 */,
			);
			name = SnipApp25;
			packageProductDependencies = (
			);
			productName = SnipApp25;
			productReference = 00242CF32CE28BA300C0B945 /* SnipApp25.app */;
			productType = "com.apple.product-type.application";
		};
		00242D082CE28BA400C0B945 /* SnipApp25Tests */ = {
			isa = PBXNativeTarget;
			buildConfigurationList = 00242D212CE28BA400C0B945 /* Build configuration list for PBXNativeTarget "SnipApp25Tests" */;
			buildPhases = (
				00242D052CE28BA400C0B945 /* Sources */,
				00242D062CE28BA400C0B945 /* Frameworks */,
				00242D072CE28BA400C0B945 /* Resources */,
			);
			buildRules = (
			);
			dependencies = (
				00242D0B2CE28BA400C0B945 /* PBXTargetDependency */,
			);
			fileSystemSynchronizedGroups = (
				00242D0C2CE28BA400C0B945 /* SnipApp25Tests */,
			);
			name = SnipApp25Tests;
			packageProductDependencies = (
			);
			productName = SnipApp25Tests;
			productReference = 00242D092CE28BA400C0B945 /* SnipApp25Tests.xctest */;
			productType = "com.apple.product-type.bundle.unit-test";
		};
		00242D122CE28BA400C0B945 /* SnipApp25UITests */ = {
			isa = PBXNativeTarget;
			buildConfigurationList = 00242D242CE28BA400C0B945 /* Build configuration list for PBXNativeTarget "SnipApp25UITests" */;
			buildPhases = (
				00242D0F2CE28BA400C0B945 /* Sources */,
				00242D102CE28BA400C0B945 /* Frameworks */,
				00242D112CE28BA400C0B945 /* Resources */,
			);
			buildRules = (
			);
			dependencies = (
				00242D152CE28BA400C0B945 /* PBXTargetDependency */,
			);
			fileSystemSynchronizedGroups = (
				00242D162CE28BA400C0B945 /* SnipApp25UITests */,
			);
			name = SnipApp25UITests;
			packageProductDependencies = (
			);
			productName = SnipApp25UITests;
			productReference = 00242D132CE28BA400C0B945 /* SnipApp25UITests.xctest */;
			productType = "com.apple.product-type.bundle.ui-testing";
		};
/* End PBXNativeTarget section */

/* Begin PBXProject section */
		00242CEB2CE28BA300C0B945 /* Project object */ = {
			isa = PBXProject;
			attributes = {
				BuildIndependentTargetsInParallel = 1;
				LastSwiftUpdateCheck = 1600;
				LastUpgradeCheck = 1600;
				TargetAttributes = {
					00242CF22CE28BA300C0B945 = {
						CreatedOnToolsVersion = 16.0;
					};
					00242D082CE28BA400C0B945 = {
						CreatedOnToolsVersion = 16.0;
						TestTargetID = 00242CF22CE28BA300C0B945;
					};
					00242D122CE28BA400C0B945 = {
						CreatedOnToolsVersion = 16.0;
						TestTargetID = 00242CF22CE28BA300C0B945;
					};
				};
			};
			buildConfigurationList = 00242CEE2CE28BA300C0B945 /* Build configuration list for PBXProject "SnipApp25" */;
			developmentRegion = en;
			hasScannedForEncodings = 0;
			knownRegions = (
				en,
				Base,
			);
			mainGroup = 00242CEA2CE28BA300C0B945;
			minimizedProjectReferenceProxies = 1;
			preferredProjectObjectVersion = 77;
			productRefGroup = 00242CF42CE28BA300C0B945 /* Products */;
			projectDirPath = "";
			projectRoot = "";
			targets = (
				00242CF22CE28BA300C0B945 /* SnipApp25 */,
				00242D082CE28BA400C0B945 /* SnipApp25Tests */,
				00242D122CE28BA400C0B945 /* SnipApp25UITests */,
			);
		};
/* End PBXProject section */

/* Begin PBXResourcesBuildPhase section */
		00242CF12CE28BA300C0B945 /* Resources */ = {
			isa = PBXResourcesBuildPhase;
			buildActionMask = 2147483647;
			files = (
			);
			runOnlyForDeploymentPostprocessing = 0;
		};
		00242D072CE28BA400C0B945 /* Resources */ = {
			isa = PBXResourcesBuildPhase;
			buildActionMask = 2147483647;
			files = (
			);
			runOnlyForDeploymentPostprocessing = 0;
		};
		00242D112CE28BA400C0B945 /* Resources */ = {
			isa = PBXResourcesBuildPhase;
			buildActionMask = 2147483647;
			files = (
			);
			runOnlyForDeploymentPostprocessing = 0;
		};
/* End PBXResourcesBuildPhase section */

/* Begin PBXSourcesBuildPhase section */
		00242CEF2CE28BA300C0B945 /* Sources */ = {
			isa = PBXSourcesBuildPhase;
			buildActionMask = 2147483647;
			files = (
			);
			runOnlyForDeploymentPostprocessing = 0;
		};
		00242D052CE28BA400C0B945 /* Sources */ = {
			isa = PBXSourcesBuildPhase;
			buildActionMask = 2147483647;
			files = (
			);
			runOnlyForDeploymentPostprocessing = 0;
		};
		00242D0F2CE28BA400C0B945 /* Sources */ = {
			isa = PBXSourcesBuildPhase;
			buildActionMask = 2147483647;
			files = (
			);
			runOnlyForDeploymentPostprocessing = 0;
		};
/* End PBXSourcesBuildPhase section */

/* Begin PBXTargetDependency section */
		00242D0B2CE28BA400C0B945 /* PBXTargetDependency */ = {
			isa = PBXTargetDependency;
			target = 00242CF22CE28BA300C0B945 /* SnipApp25 */;
			targetProxy = 00242D0A2CE28BA400C0B945 /* PBXContainerItemProxy */;
		};
		00242D152CE28BA400C0B945 /* PBXTargetDependency */ = {
			isa = PBXTargetDependency;
			target = 00242CF22CE28BA300C0B945 /* SnipApp25 */;
			targetProxy = 00242D142CE28BA400C0B945 /* PBXContainerItemProxy */;
		};
/* End PBXTargetDependency section */

/* Begin XCBuildConfiguration section */
		00242D1D2CE28BA400C0B945 /* Debug */ = {
			isa = XCBuildConfiguration;
			buildSettings = {
				ASSETCATALOG_COMPILER_APPICON_NAME = AppIcon;
				ASSETCATALOG_COMPILER_GLOBAL_ACCENT_COLOR_NAME = AccentColor;
				CODE_SIGN_STYLE = Automatic;
				CURRENT_PROJECT_VERSION = 1;
				GENERATE_INFOPLIST_FILE = YES;
				INFOPLIST_FILE = SnipApp25/Info.plist;
				INFOPLIST_KEY_UIApplicationSupportsIndirectInputEvents = YES;
				INFOPLIST_KEY_UILaunchStoryboardName = LaunchScreen;
				INFOPLIST_KEY_UIMainStoryboardFile = Main;
				INFOPLIST_KEY_UISupportedInterfaceOrientations_iPad = "UIInterfaceOrientationPortrait UIInterfaceOrientationPortraitUpsideDown UIInterfaceOrientationLandscapeLeft UIInterfaceOrientationLandscapeRight";
				INFOPLIST_KEY_UISupportedInterfaceOrientations_iPhone = "UIInterfaceOrientationPortrait UIInterfaceOrientationLandscapeLeft UIInterfaceOrientationLandscapeRight";
				LD_RUNPATH_SEARCH_PATHS = (
					"$(inherited)",
					"@executable_path/Frameworks",
				);
				MARKETING_VERSION = 1.0;
				PRODUCT_BUNDLE_IDENTIFIER = com.dharmamithra.SnipApp25;
				PRODUCT_NAME = "$(TARGET_NAME)";
				SWIFT_EMIT_LOC_STRINGS = YES;
				SWIFT_VERSION = 5.0;
				TARGETED_DEVICE_FAMILY = "1,2";
			};
			name = Debug;
		};
		00242D1E2CE28BA400C0B945 /* Release */ = {
			isa = XCBuildConfiguration;
			buildSettings = {
				ASSETCATALOG_COMPILER_APPICON_NAME = AppIcon;
				ASSETCATALOG_COMPILER_GLOBAL_ACCENT_COLOR_NAME = AccentColor;
				CODE_SIGN_STYLE = Automatic;
				CURRENT_PROJECT_VERSION = 1;
				GENERATE_INFOPLIST_FILE = YES;
				INFOPLIST_FILE = SnipApp25/Info.plist;
				INFOPLIST_KEY_UIApplicationSupportsIndirectInputEvents = YES;
				INFOPLIST_KEY_UILaunchStoryboardName = LaunchScreen;
				INFOPLIST_KEY_UIMainStoryboardFile = Main;
				INFOPLIST_KEY_UISupportedInterfaceOrientations_iPad = "UIInterfaceOrientationPortrait UIInterfaceOrientationPortraitUpsideDown UIInterfaceOrientationLandscapeLeft UIInterfaceOrientationLandscapeRight";
				INFOPLIST_KEY_UISupportedInterfaceOrientations_iPhone = "UIInterfaceOrientationPortrait UIInterfaceOrientationLandscapeLeft UIInterfaceOrientationLandscapeRight";
				LD_RUNPATH_SEARCH_PATHS = (
					"$(inherited)",
					"@executable_path/Frameworks",
				);
				MARKETING_VERSION = 1.0;
				PRODUCT_BUNDLE_IDENTIFIER = com.dharmamithra.SnipApp25;
				PRODUCT_NAME = "$(TARGET_NAME)";
				SWIFT_EMIT_LOC_STRINGS = YES;
				SWIFT_VERSION = 5.0;
				TARGETED_DEVICE_FAMILY = "1,2";
			};
			name = Release;
		};
		00242D1F2CE28BA400C0B945 /* Debug */ = {
			isa = XCBuildConfiguration;
			buildSettings = {
				ALWAYS_SEARCH_USER_PATHS = NO;
				ASSETCATALOG_COMPILER_GENERATE_SWIFT_ASSET_SYMBOL_EXTENSIONS = YES;
				CLANG_ANALYZER_NONNULL = YES;
				CLANG_ANALYZER_NUMBER_OBJECT_CONVERSION = YES_AGGRESSIVE;
				CLANG_CXX_LANGUAGE_STANDARD = "gnu++20";
				CLANG_ENABLE_MODULES = YES;
				CLANG_ENABLE_OBJC_ARC = YES;
				CLANG_ENABLE_OBJC_WEAK = YES;
				CLANG_WARN_BLOCK_CAPTURE_AUTORELEASING = YES;
				CLANG_WARN_BOOL_CONVERSION = YES;
				CLANG_WARN_COMMA = YES;
				CLANG_WARN_CONSTANT_CONVERSION = YES;
				CLANG_WARN_DEPRECATED_OBJC_IMPLEMENTATIONS = YES;
				CLANG_WARN_DIRECT_OBJC_ISA_USAGE = YES_ERROR;
				CLANG_WARN_DOCUMENTATION_COMMENTS = YES;
				CLANG_WARN_EMPTY_BODY = YES;
				CLANG_WARN_ENUM_CONVERSION = YES;
				CLANG_WARN_INFINITE_RECURSION = YES;
				CLANG_WARN_INT_CONVERSION = YES;
				CLANG_WARN_NON_LITERAL_NULL_CONVERSION = YES;
				CLANG_WARN_OBJC_IMPLICIT_RETAIN_SELF = YES;
				CLANG_WARN_OBJC_LITERAL_CONVERSION = YES;
				CLANG_WARN_OBJC_ROOT_CLASS = YES_ERROR;
				CLANG_WARN_QUOTED_INCLUDE_IN_FRAMEWORK_HEADER = YES;
				CLANG_WARN_RANGE_LOOP_ANALYSIS = YES;
				CLANG_WARN_STRICT_PROTOTYPES = YES;
				CLANG_WARN_SUSPICIOUS_MOVE = YES;
				CLANG_WARN_UNGUARDED_AVAILABILITY = YES_AGGRESSIVE;
				CLANG_WARN_UNREACHABLE_CODE = YES;
				CLANG_WARN__DUPLICATE_METHOD_MATCH = YES;
				COPY_PHASE_STRIP = NO;
				DEBUG_INFORMATION_FORMAT = dwarf;
				ENABLE_STRICT_OBJC_MSGSEND = YES;
				ENABLE_TESTABILITY = YES;
				ENABLE_USER_SCRIPT_SANDBOXING = YES;
				GCC_C_LANGUAGE_STANDARD = gnu17;
				GCC_DYNAMIC_NO_PIC = NO;
				GCC_NO_COMMON_BLOCKS = YES;
				GCC_OPTIMIZATION_LEVEL = 0;
				GCC_PREPROCESSOR_DEFINITIONS = (
					"DEBUG=1",
					"$(inherited)",
				);
				GCC_WARN_64_TO_32_BIT_CONVERSION = YES;
				GCC_WARN_ABOUT_RETURN_TYPE = YES_ERROR;
				GCC_WARN_UNDECLARED_SELECTOR = YES;
				GCC_WARN_UNINITIALIZED_AUTOS = YES_AGGRESSIVE;
				GCC_WARN_UNUSED_FUNCTION = YES;
				GCC_WARN_UNUSED_VARIABLE = YES;
				IPHONEOS_DEPLOYMENT_TARGET = 18.0;
				LOCALIZATION_PREFERS_STRING_CATALOGS = YES;
				MTL_ENABLE_DEBUG_INFO = INCLUDE_SOURCE;
				MTL_FAST_MATH = YES;
				ONLY_ACTIVE_ARCH = YES;
				SDKROOT = iphoneos;
				SWIFT_ACTIVE_COMPILATION_CONDITIONS = "DEBUG $(inherited)";
				SWIFT_OPTIMIZATION_LEVEL = "-Onone";
			};
			name = Debug;
		};
		00242D202CE28BA400C0B945 /* Release */ = {
			isa = XCBuildConfiguration;
			buildSettings = {
				ALWAYS_SEARCH_USER_PATHS = NO;
				ASSETCATALOG_COMPILER_GENERATE_SWIFT_ASSET_SYMBOL_EXTENSIONS = YES;
				CLANG_ANALYZER_NONNULL = YES;
				CLANG_ANALYZER_NUMBER_OBJECT_CONVERSION = YES_AGGRESSIVE;
				CLANG_CXX_LANGUAGE_STANDARD = "gnu++20";
				CLANG_ENABLE_MODULES = YES;
				CLANG_ENABLE_OBJC_ARC = YES;
				CLANG_ENABLE_OBJC_WEAK = YES;
				CLANG_WARN_BLOCK_CAPTURE_AUTORELEASING = YES;
				CLANG_WARN_BOOL_CONVERSION = YES;
				CLANG_WARN_COMMA = YES;
				CLANG_WARN_CONSTANT_CONVERSION = YES;
				CLANG_WARN_DEPRECATED_OBJC_IMPLEMENTATIONS = YES;
				CLANG_WARN_DIRECT_OBJC_ISA_USAGE = YES_ERROR;
				CLANG_WARN_DOCUMENTATION_COMMENTS = YES;
				CLANG_WARN_EMPTY_BODY = YES;
				CLANG_WARN_ENUM_CONVERSION = YES;
				CLANG_WARN_INFINITE_RECURSION = YES;
				CLANG_WARN_INT_CONVERSION = YES;
				CLANG_WARN_NON_LITERAL_NULL_CONVERSION = YES;
				CLANG_WARN_OBJC_IMPLICIT_RETAIN_SELF = YES;
				CLANG_WARN_OBJC_LITERAL_CONVERSION = YES;
				CLANG_WARN_OBJC_ROOT_CLASS = YES_ERROR;
				CLANG_WARN_QUOTED_INCLUDE_IN_FRAMEWORK_HEADER = YES;
				CLANG_WARN_RANGE_LOOP_ANALYSIS = YES;
				CLANG_WARN_STRICT_PROTOTYPES = YES;
				CLANG_WARN_SUSPICIOUS_MOVE = YES;
				CLANG_WARN_UNGUARDED_AVAILABILITY = YES_AGGRESSIVE;
				CLANG_WARN_UNREACHABLE_CODE = YES;
				CLANG_WARN__DUPLICATE_METHOD_MATCH = YES;
				COPY_PHASE_STRIP = NO;
				DEBUG_INFORMATION_FORMAT = "dwarf-with-dsym";
				ENABLE_NS_ASSERTIONS = NO;
				ENABLE_STRICT_OBJC_MSGSEND = YES;
				ENABLE_USER_SCRIPT_SANDBOXING = YES;
				GCC_C_LANGUAGE_STANDARD = gnu17;
				GCC_NO_COMMON_BLOCKS = YES;
				GCC_WARN_64_TO_32_BIT_CONVERSION = YES;
				GCC_WARN_ABOUT_RETURN_TYPE = YES_ERROR;
				GCC_WARN_UNDECLARED_SELECTOR = YES;
				GCC_WARN_UNINITIALIZED_AUTOS = YES_AGGRESSIVE;
				GCC_WARN_UNUSED_FUNCTION = YES;
				GCC_WARN_UNUSED_VARIABLE = YES;
				IPHONEOS_DEPLOYMENT_TARGET = 18.0;
				LOCALIZATION_PREFERS_STRING_CATALOGS = YES;
				MTL_ENABLE_DEBUG_INFO = NO;
				MTL_FAST_MATH = YES;
				SDKROOT = iphoneos;
				SWIFT_COMPILATION_MODE = wholemodule;
				VALIDATE_PRODUCT = YES;
			};
			name = Release;
		};
		00242D222CE28BA400C0B945 /* Debug */ = {
			isa = XCBuildConfiguration;
			buildSettings = {
				BUNDLE_LOADER = "$(TEST_HOST)";
				CODE_SIGN_STYLE = Automatic;
				CURRENT_PROJECT_VERSION = 1;
				GENERATE_INFOPLIST_FILE = YES;
				IPHONEOS_DEPLOYMENT_TARGET = 18.0;
				MARKETING_VERSION = 1.0;
				PRODUCT_BUNDLE_IDENTIFIER = com.dharmamithra.SnipApp25Tests;
				PRODUCT_NAME = "$(TARGET_NAME)";
				SWIFT_EMIT_LOC_STRINGS = NO;
				SWIFT_VERSION = 5.0;
				TARGETED_DEVICE_FAMILY = "1,2";
				TEST_HOST = "$(BUILT_PRODUCTS_DIR)/SnipApp25.app/$(BUNDLE_EXECUTABLE_FOLDER_PATH)/SnipApp25";
			};
			name = Debug;
		};
		00242D232CE28BA400C0B945 /* Release */ = {
			isa = XCBuildConfiguration;
			buildSettings = {
				BUNDLE_LOADER = "$(TEST_HOST)";
				CODE_SIGN_STYLE = Automatic;
				CURRENT_PROJECT_VERSION = 1;
				GENERATE_INFOPLIST_FILE = YES;
				IPHONEOS_DEPLOYMENT_TARGET = 18.0;
				MARKETING_VERSION = 1.0;
				PRODUCT_BUNDLE_IDENTIFIER = com.dharmamithra.SnipApp25Tests;
				PRODUCT_NAME = "$(TARGET_NAME)";
				SWIFT_EMIT_LOC_STRINGS = NO;
				SWIFT_VERSION = 5.0;
				TARGETED_DEVICE_FAMILY = "1,2";
				TEST_HOST = "$(BUILT_PRODUCTS_DIR)/SnipApp25.app/$(BUNDLE_EXECUTABLE_FOLDER_PATH)/SnipApp25";
			};
			name = Release;
		};
		00242D252CE28BA400C0B945 /* Debug */ = {
			isa = XCBuildConfiguration;
			buildSettings = {
				CODE_SIGN_STYLE = Automatic;
				CURRENT_PROJECT_VERSION = 1;
				GENERATE_INFOPLIST_FILE = YES;
				MARKETING_VERSION = 1.0;
				PRODUCT_BUNDLE_IDENTIFIER = com.dharmamithra.SnipApp25UITests;
				PRODUCT_NAME = "$(TARGET_NAME)";
				SWIFT_EMIT_LOC_STRINGS = NO;
				SWIFT_VERSION = 5.0;
				TARGETED_DEVICE_FAMILY = "1,2";
				TEST_TARGET_NAME = SnipApp25;
			};
			name = Debug;
		};
		00242D262CE28BA400C0B945 /* Release */ = {
			isa = XCBuildConfiguration;
			buildSettings = {
				CODE_SIGN_STYLE = Automatic;
				CURRENT_PROJECT_VERSION = 1;
				GENERATE_INFOPLIST_FILE = YES;
				MARKETING_VERSION = 1.0;
				PRODUCT_BUNDLE_IDENTIFIER = com.dharmamithra.SnipApp25UITests;
				PRODUCT_NAME = "$(TARGET_NAME)";
				SWIFT_EMIT_LOC_STRINGS = NO;
				SWIFT_VERSION = 5.0;
				TARGETED_DEVICE_FAMILY = "1,2";
				TEST_TARGET_NAME = SnipApp25;
			};
			name = Release;
		};
/* End XCBuildConfiguration section */

/* Begin XCConfigurationList section */
		00242CEE2CE28BA300C0B945 /* Build configuration list for PBXProject "SnipApp25" */ = {
			isa = XCConfigurationList;
			buildConfigurations = (
				00242D1F2CE28BA400C0B945 /* Debug */,
				00242D202CE28BA400C0B945 /* Release */,
			);
			defaultConfigurationIsVisible = 0;
			defaultConfigurationName = Release;
		};
		00242D1C2CE28BA400C0B945 /* Build configuration list for PBXNativeTarget "SnipApp25" */ = {
			isa = XCConfigurationList;
			buildConfigurations = (
				00242D1D2CE28BA400C0B945 /* Debug */,
				00242D1E2CE28BA400C0B945 /* Release */,
			);
			defaultConfigurationIsVisible = 0;
			defaultConfigurationName = Release;
		};
		00242D212CE28BA400C0B945 /* Build configuration list for PBXNativeTarget "SnipApp25Tests" */ = {
			isa = XCConfigurationList;
			buildConfigurations = (
				00242D222CE28BA400C0B945 /* Debug */,
				00242D232CE28BA400C0B945 /* Release */,
			);
			defaultConfigurationIsVisible = 0;
			defaultConfigurationName = Release;
		};
		00242D242CE28BA400C0B945 /* Build configuration list for PBXNativeTarget "SnipApp25UITests" */ = {
			isa = XCConfigurationList;
			buildConfigurations = (
				00242D252CE28BA400C0B945 /* Debug */,
				00242D262CE28BA400C0B945 /* Release */,
			);
			defaultConfigurationIsVisible = 0;
			defaultConfigurationName = Release;
		};
/* End XCConfigurationList section */
	};
	rootObject = 00242CEB2CE28BA300C0B945 /* Project object */;
}
